
Microsoft Visual Studio Solution File, Format Version 12.00
# Visual Studio 2013
VisualStudioVersion = 12.0.30110.0
MinimumVisualStudioVersion = 10.0.40219.1
Project("{FAE04EC0-301F-11D3-BF4B-00C04F79EFBC}") = "ED47.Stack.Sample", "ED47.Stack.Sample\ED47.Stack.Sample.csproj", "{AB63CD22-1AE6-4393-8BDE-FDDF6C141027}"
EndProject
Project("{FAE04EC0-301F-11D3-BF4B-00C04F79EFBC}") = "ED47.BusinessAccessLayer", "ED47.BusinessAccessLayer\ED47.BusinessAccessLayer.csproj", "{AD6A51D1-0608-49C9-8993-4AC20D32141C}"
EndProject
Project("{FAE04EC0-301F-11D3-BF4B-00C04F79EFBC}") = "ED47.Stack.Reflector", "ED47.Stack.Reflector\ED47.Stack.Reflector.csproj", "{32753AA0-424D-4217-BC63-35A22FB0607D}"
EndProject
Project("{FAE04EC0-301F-11D3-BF4B-00C04F79EFBC}") = "ED47.Stack.Web", "ED47.Stack.Web\ED47.Stack.Web.csproj", "{57FD0F4F-4DAC-42CA-964D-39A180D714B3}"
EndProject
Project("{FAE04EC0-301F-11D3-BF4B-00C04F79EFBC}") = "ED47.Stack.Sample.Domain", "ED47.Stack.Sample.Domain\ED47.Stack.Sample.Domain.csproj", "{93924FC3-032E-4CE6-A1B6-62E1E71AC688}"
EndProject
Project("{FAE04EC0-301F-11D3-BF4B-00C04F79EFBC}") = "ED47.Stack.Sample.Entities", "ED47.Stack.Sample.Entities\ED47.Stack.Sample.Entities.csproj", "{749E46D6-CA63-4BF6-82F2-A076783F54DF}"
EndProject
Project("{FAE04EC0-301F-11D3-BF4B-00C04F79EFBC}") = "ED47.Stack.Sample.Shared", "ED47.Stack.Sample.Shared\ED47.Stack.Sample.Shared.csproj", "{9239C567-CE16-4E36-BDE8-D7A838C699C1}"
EndProject
Global
	GlobalSection(SolutionConfigurationPlatforms) = preSolution
		Debug|Any CPU = Debug|Any CPU
		Release|Any CPU = Release|Any CPU
	EndGlobalSection
	GlobalSection(ProjectConfigurationPlatforms) = postSolution
		{AB63CD22-1AE6-4393-8BDE-FDDF6C141027}.Debug|Any CPU.ActiveCfg = Debug|Any CPU
		{AB63CD22-1AE6-4393-8BDE-FDDF6C141027}.Debug|Any CPU.Build.0 = Debug|Any CPU
		{AB63CD22-1AE6-4393-8BDE-FDDF6C141027}.Release|Any CPU.ActiveCfg = Release|Any CPU
		{AB63CD22-1AE6-4393-8BDE-FDDF6C141027}.Release|Any CPU.Build.0 = Release|Any CPU
		{AD6A51D1-0608-49C9-8993-4AC20D32141C}.Debug|Any CPU.ActiveCfg = Debug|Any CPU
		{AD6A51D1-0608-49C9-8993-4AC20D32141C}.Debug|Any CPU.Build.0 = Debug|Any CPU
		{AD6A51D1-0608-49C9-8993-4AC20D32141C}.Release|Any CPU.ActiveCfg = Release|Any CPU
		{AD6A51D1-0608-49C9-8993-4AC20D32141C}.Release|Any CPU.Build.0 = Release|Any CPU
		{32753AA0-424D-4217-BC63-35A22FB0607D}.Debug|Any CPU.ActiveCfg = Debug|Any CPU
		{32753AA0-424D-4217-BC63-35A22FB0607D}.Debug|Any CPU.Build.0 = Debug|Any CPU
		{32753AA0-424D-4217-BC63-35A22FB0607D}.Release|Any CPU.ActiveCfg = Release|Any CPU
		{32753AA0-424D-4217-BC63-35A22FB0607D}.Release|Any CPU.Build.0 = Release|Any CPU
		{57FD0F4F-4DAC-42CA-964D-39A180D714B3}.Debug|Any CPU.ActiveCfg = Debug|Any CPU
		{57FD0F4F-4DAC-42CA-964D-39A180D714B3}.Debug|Any CPU.Build.0 = Debug|Any CPU
		{57FD0F4F-4DAC-42CA-964D-39A180D714B3}.Release|Any CPU.ActiveCfg = Release|Any CPU
		{57FD0F4F-4DAC-42CA-964D-39A180D714B3}.Release|Any CPU.Build.0 = Release|Any CPU
		{93924FC3-032E-4CE6-A1B6-62E1E71AC688}.Debug|Any CPU.ActiveCfg = Debug|Any CPU
		{93924FC3-032E-4CE6-A1B6-62E1E71AC688}.Debug|Any CPU.Build.0 = Debug|Any CPU
		{93924FC3-032E-4CE6-A1B6-62E1E71AC688}.Release|Any CPU.ActiveCfg = Release|Any CPU
		{93924FC3-032E-4CE6-A1B6-62E1E71AC688}.Release|Any CPU.Build.0 = Release|Any CPU
		{749E46D6-CA63-4BF6-82F2-A076783F54DF}.Debug|Any CPU.ActiveCfg = Debug|Any CPU
		{749E46D6-CA63-4BF6-82F2-A076783F54DF}.Debug|Any CPU.Build.0 = Debug|Any CPU
		{749E46D6-CA63-4BF6-82F2-A076783F54DF}.Release|Any CPU.ActiveCfg = Release|Any CPU
		{749E46D6-CA63-4BF6-82F2-A076783F54DF}.Release|Any CPU.Build.0 = Release|Any CPU
		{9239C567-CE16-4E36-BDE8-D7A838C699C1}.Debug|Any CPU.ActiveCfg = Debug|Any CPU
		{9239C567-CE16-4E36-BDE8-D7A838C699C1}.Debug|Any CPU.Build.0 = Debug|Any CPU
		{9239C567-CE16-4E36-BDE8-D7A838C699C1}.Release|Any CPU.ActiveCfg = Release|Any CPU
		{9239C567-CE16-4E36-BDE8-D7A838C699C1}.Release|Any CPU.Build.0 = Release|Any CPU
	EndGlobalSection
	GlobalSection(SolutionProperties) = preSolution
		HideSolutionNode = FALSE
	EndGlobalSection
EndGlobal
